// !$*UTF8*$!
{
	archiveVersion = 1;
	classes = {
	};
	objectVersion = 77;
	objects = {

/* Begin PBXContainerItemProxy section */
		7C3D7E032F6ADD7000984DDC /* PBXContainerItemProxy */ = {
			isa = PBXContainerItemProxy;
			containerPortal = 7C3D7DE42F6ADD6E00984DDC /* Project object */;
			proxyType = 1;
			remoteGlobalIDString = 7C3D7DEB2F6ADD6E00984DDC;
			remoteInfo = IR;
		};
		7C3D7E0D2F6ADD7000984DDC /* PBXContainerItemProxy */ = {
			isa = PBXContainerItemProxy;
			containerPortal = 7C3D7DE42F6ADD6E00984DDC /* Project object */;
			proxyType = 1;
			remoteGlobalIDString = 7C3D7DEB2F6ADD6E00984DDC;
			remoteInfo = IR;
		};
/* End PBXContainerItemProxy section */

/* Begin PBXFileReference section */
		7C3D7DEC2F6ADD6E00984DDC /* IR.app */ = {isa = PBXFileReference; explicitFileType = wrapper.application; includeInIndex = 0; path = IR.app; sourceTree = BUILT_PRODUCTS_DIR; };
		7C3D7E022F6ADD7000984DDC /* IRTests.xctest */ = {isa = PBXFileReference; explicitFileType = wrapper.cfbundle; includeInIndex = 0; path = IRTests.xctest; sourceTree = BUILT_PRODUCTS_DIR; };
		7C3D7E0C2F6ADD7000984DDC /* IRUITests.xctest */ = {isa = PBXFileReference; explicitFileType = wrapper.cfbundle; includeInIndex = 0; path = IRUITests.xctest; sourceTree = BUILT_PRODUCTS_DIR; };
/* End PBXFileReference section */

/* Begin PBXFileSystemSynchronizedBuildFileExceptionSet section */
		7C3D7E142F6ADD7000984DDC /* Exceptions for "IR" folder in "IR" target */ = {
			isa = PBXFileSystemSynchronizedBuildFileExceptionSet;
			membershipExceptions = (
				Info.plist,
			);
			target = 7C3D7DEB2F6ADD6E00984DDC /* IR */;
		};
/* End PBXFileSystemSynchronizedBuildFileExceptionSet section */

/* Begin PBXFileSystemSynchronizedRootGroup section */
		7C3D7DEE2F6ADD6E00984DDC /* IR */ = {
			isa = PBXFileSystemSynchronizedRootGroup;
			exceptions = (
				7C3D7E142F6ADD7000984DDC /* Exceptions for "IR" folder in "IR" target */,
			);
			path = IR;
			sourceTree = "<group>";
		};
		7C3D7E052F6ADD7000984DDC /* IRTests */ = {
			isa = PBXFileSystemSynchronizedRootGroup;
			path = IRTests;
			sourceTree = "<group>";
		};
		7C3D7E0F2F6ADD7000984DDC /* IRUITests */ = {
			isa = PBXFileSystemSynchronizedRootGroup;
			path = IRUITests;
			sourceTree = "<group>";
		};
		7C3D7E212F6ADD7000984DDC /* SDK */ = {
			isa = PBXFileSystemSynchronizedRootGroup;
			path = SDK;
			sourceTree = "<group>";
		};
/* End PBXFileSystemSynchronizedRootGroup section */

/* Begin PBXFrameworksBuildPhase section */
		7C3D7DE92F6ADD6E00984DDC /* Frameworks */ = {
			isa = PBXFrameworksBuildPhase;
			buildActionMask = 2147483647;
			files = (
			);
			runOnlyForDeploymentPostprocessing = 0;
		};
		7C3D7DFF2F6ADD7000984DDC /* Frameworks */ = {
			isa = PBXFrameworksBuildPhase;
			buildActionMask = 2147483647;
			files = (
			);
			runOnlyForDeploymentPostprocessing = 0;
		};
		7C3D7E092F6ADD7000984DDC /* Frameworks */ = {
			isa = PBXFrameworksBuildPhase;
			buildActionMask = 2147483647;
			files = (
			);
			runOnlyForDeploymentPostprocessing = 0;
		};
/* End PBXFrameworksBuildPhase section */

/* Begin PBXGroup section */
		7C3D7DE32F6ADD6E00984DDC = {
			isa = PBXGroup;
			children = (
				7C3D7DEE2F6ADD6E00984DDC /* IR */,
				7C3D7E212F6ADD7000984DDC /* SDK */,
				7C3D7E052F6ADD7000984DDC /* IRTests */,
				7C3D7E0F2F6ADD7000984DDC /* IRUITests */,
				7C3D7DED2F6ADD6E00984DDC /* Products */,
			);
			sourceTree = "<group>";
		};
		7C3D7DED2F6ADD6E00984DDC /* Products */ = {
			isa = PBXGroup;
			children = (
				7C3D7DEC2F6ADD6E00984DDC /* IR.app */,
				7C3D7E022F6ADD7000984DDC /* IRTests.xctest */,
				7C3D7E0C2F6ADD7000984DDC /* IRUITests.xctest */,
			);
			name = Products;
			sourceTree = "<group>";
		};
/* End PBXGroup section */

/* Begin PBXNativeTarget section */
		7C3D7DEB2F6ADD6E00984DDC /* IR */ = {
			isa = PBXNativeTarget;
			buildConfigurationList = 7C3D7E152F6ADD7000984DDC /* Build configuration list for PBXNativeTarget "IR" */;
			buildPhases = (
				7C3D7E202F6ADD7000984DDC /* Build Hotfix Pass */,
				7C3D7DE82F6ADD6E00984DDC /* Sources */,
				7C3D7E222F6ADD7000984DDC /* Build Hotfix Target Manifest */,
				7C3D7DE92F6ADD6E00984DDC /* Frameworks */,
				7C3D7DEA2F6ADD6E00984DDC /* Resources */,
			);
			buildRules = (
			);
			dependencies = (
			);
			fileSystemSynchronizedGroups = (
				7C3D7DEE2F6ADD6E00984DDC /* IR */,
				7C3D7E212F6ADD7000984DDC /* SDK */,
			);
			name = IR;
			packageProductDependencies = (
			);
			productName = IR;
			productReference = 7C3D7DEC2F6ADD6E00984DDC /* IR.app */;
			productType = "com.apple.product-type.application";
		};
		7C3D7E012F6ADD7000984DDC /* IRTests */ = {
			isa = PBXNativeTarget;
			buildConfigurationList = 7C3D7E1A2F6ADD7000984DDC /* Build configuration list for PBXNativeTarget "IRTests" */;
			buildPhases = (
				7C3D7DFE2F6ADD7000984DDC /* Sources */,
				7C3D7DFF2F6ADD7000984DDC /* Frameworks */,
				7C3D7E002F6ADD7000984DDC /* Resources */,
			);
			buildRules = (
			);
			dependencies = (
				7C3D7E042F6ADD7000984DDC /* PBXTargetDependency */,
			);
			fileSystemSynchronizedGroups = (
				7C3D7E052F6ADD7000984DDC /* IRTests */,
			);
			name = IRTests;
			packageProductDependencies = (
			);
			productName = IRTests;
			productReference = 7C3D7E022F6ADD7000984DDC /* IRTests.xctest */;
			productType = "com.apple.product-type.bundle.unit-test";
		};
		7C3D7E0B2F6ADD7000984DDC /* IRUITests */ = {
			isa = PBXNativeTarget;
			buildConfigurationList = 7C3D7E1D2F6ADD7000984DDC /* Build configuration list for PBXNativeTarget "IRUITests" */;
			buildPhases = (
				7C3D7E082F6ADD7000984DDC /* Sources */,
				7C3D7E092F6ADD7000984DDC /* Frameworks */,
				7C3D7E0A2F6ADD7000984DDC /* Resources */,
			);
			buildRules = (
			);
			dependencies = (
				7C3D7E0E2F6ADD7000984DDC /* PBXTargetDependency */,
			);
			fileSystemSynchronizedGroups = (
				7C3D7E0F2F6ADD7000984DDC /* IRUITests */,
			);
			name = IRUITests;
			packageProductDependencies = (
			);
			productName = IRUITests;
			productReference = 7C3D7E0C2F6ADD7000984DDC /* IRUITests.xctest */;
			productType = "com.apple.product-type.bundle.ui-testing";
		};
/* End PBXNativeTarget section */

/* Begin PBXProject section */
		7C3D7DE42F6ADD6E00984DDC /* Project object */ = {
			isa = PBXProject;
			attributes = {
				BuildIndependentTargetsInParallel = 1;
				LastSwiftUpdateCheck = 2630;
				LastUpgradeCheck = 2630;
				TargetAttributes = {
					7C3D7DEB2F6ADD6E00984DDC = {
						CreatedOnToolsVersion = 26.3;
					};
					7C3D7E012F6ADD7000984DDC = {
						CreatedOnToolsVersion = 26.3;
						TestTargetID = 7C3D7DEB2F6ADD6E00984DDC;
					};
					7C3D7E0B2F6ADD7000984DDC = {
						CreatedOnToolsVersion = 26.3;
						TestTargetID = 7C3D7DEB2F6ADD6E00984DDC;
					};
				};
			};
			buildConfigurationList = 7C3D7DE72F6ADD6E00984DDC /* Build configuration list for PBXProject "IR" */;
			developmentRegion = en;
			hasScannedForEncodings = 0;
			knownRegions = (
				en,
				Base,
			);
			mainGroup = 7C3D7DE32F6ADD6E00984DDC;
			minimizedProjectReferenceProxies = 1;
			preferredProjectObjectVersion = 77;
			productRefGroup = 7C3D7DED2F6ADD6E00984DDC /* Products */;
			projectDirPath = "";
			projectRoot = "";
			targets = (
				7C3D7DEB2F6ADD6E00984DDC /* IR */,
				7C3D7E012F6ADD7000984DDC /* IRTests */,
				7C3D7E0B2F6ADD7000984DDC /* IRUITests */,
			);
		};
/* End PBXProject section */

/* Begin PBXResourcesBuildPhase section */
		7C3D7DEA2F6ADD6E00984DDC /* Resources */ = {
			isa = PBXResourcesBuildPhase;
			buildActionMask = 2147483647;
			files = (
			);
			runOnlyForDeploymentPostprocessing = 0;
		};
		7C3D7E002F6ADD7000984DDC /* Resources */ = {
			isa = PBXResourcesBuildPhase;
			buildActionMask = 2147483647;
			files = (
			);
			runOnlyForDeploymentPostprocessing = 0;
		};
		7C3D7E0A2F6ADD7000984DDC /* Resources */ = {
			isa = PBXResourcesBuildPhase;
			buildActionMask = 2147483647;
			files = (
			);
			runOnlyForDeploymentPostprocessing = 0;
		};
/* End PBXResourcesBuildPhase section */

/* Begin PBXShellScriptBuildPhase section */
		7C3D7E222F6ADD7000984DDC /* Build Hotfix Target Manifest */ = {
			isa = PBXShellScriptBuildPhase;
			alwaysOutOfDate = 1;
			buildActionMask = 2147483647;
			files = (
			);
			inputPaths = (
			);
			name = "Build Hotfix Target Manifest";
			outputPaths = (
				"$(TARGET_BUILD_DIR)/$(UNLOCALIZED_RESOURCES_FOLDER_PATH)/HotfixTargetManifest.json",
			);
			runOnlyForDeploymentPostprocessing = 0;
			shellPath = /bin/bash;
			shellScript = "set -euo pipefail\nif [[ \"$CONFIGURATION\" != \"Debug\" ]]; then\n  exit 0\nfi\nTOOL=\"$DERIVED_FILE_DIR/HotfixPassProduct/HotfixManifestTool\"\nOUTPUT=\"$TARGET_BUILD_DIR/$UNLOCALIZED_RESOURCES_FOLDER_PATH/HotfixTargetManifest.json\"\nif [[ ! -x \"$TOOL\" ]]; then\n  echo \"error: HotfixManifestTool is missing: $TOOL\" >&2\n  exit 1\nfi\nMANIFESTS=()\nif [[ -d \"$OBJECT_FILE_DIR_normal\" ]]; then\n  while IFS= read -r -d '' MANIFEST; do\n    MANIFESTS+=(\"$MANIFEST\")\n  done < <(find \"$OBJECT_FILE_DIR_normal\" -type f -name '*.hotfix-targets.json' -print0)\nfi\nmkdir -p \"$(dirname \"$OUTPUT\")\"\n\"$TOOL\" merge \"$OUTPUT\" \"${MANIFESTS[@]}\"\n";
		};
		7C3D7E202F6ADD7000984DDC /* Build Hotfix Pass */ = {
			isa = PBXShellScriptBuildPhase;
			buildActionMask = 2147483647;
			files = (
			);
			inputPaths = (
				"$(SRCROOT)/Tools/HotfixPass/CMakeLists.txt",
				"$(SRCROOT)/Tools/HotfixPass/Sources/HotfixManifestTool.cpp",
				"$(SRCROOT)/Tools/HotfixPass/Sources/HotfixPass.cpp",
				"$(SRCROOT)/Tools/HotfixPass/generate-class-receiver-manifest.sh",
				"$(SRCROOT)/Tools/HotfixPass/swiftc-hotfix",
			);
			name = "Build Hotfix Pass";
			outputPaths = (
				"$(DERIVED_FILE_DIR)/HotfixPassProduct/libHotfixPass.dylib",
				"$(DERIVED_FILE_DIR)/HotfixPassProduct/HotfixManifestTool",
				"$(DERIVED_FILE_DIR)/HotfixPassProduct/HotfixInstrumentationStamp.h",
			);
			runOnlyForDeploymentPostprocessing = 0;
			shellPath = /bin/bash;
			shellScript = "set -euo pipefail\nif [[ \"$CONFIGURATION\" != \"Debug\" ]]; then\n  exit 0\nfi\nLLVM_CONFIG=/opt/homebrew/opt/llvm@19/bin/llvm-config\nCMAKE=/opt/homebrew/bin/cmake\nif [[ ! -x \"$LLVM_CONFIG\" ]]; then\n  echo \"error: Homebrew LLVM 19 llvm-config is missing: $LLVM_CONFIG\" >&2\n  exit 1\nfi\nif [[ ! -x \"$CMAKE\" ]]; then\n  echo \"error: Homebrew CMake is missing: $CMAKE\" >&2\n  exit 1\nfi\nif [[ \"$(\"$LLVM_CONFIG\" --version)\" != \"19.1.7\" ]]; then\n  echo \"error: HotfixPass requires Homebrew LLVM 19.1.7\" >&2\n  exit 1\nfi\nPRODUCT_DIR=\"$DERIVED_FILE_DIR/HotfixPassProduct\"\nSTAMP=\"$PRODUCT_DIR/HotfixInstrumentationStamp.h\"\nHOST_SDK=\"$(xcrun --sdk macosx --show-sdk-path)\"\nHOST_ARCH=\"$(uname -m)\"\nHOST_DEPLOYMENT_TARGET=\"$(sw_vers -productVersion | awk -F. '{ print $1 \".0\" }')\"\nHOST_TARGET=\"${HOST_ARCH}-apple-macosx${HOST_DEPLOYMENT_TARGET}\"\nCMAKE_ENV=(env -u IPHONEOS_DEPLOYMENT_TARGET SDKROOT=\"$HOST_SDK\" MACOSX_DEPLOYMENT_TARGET=\"$HOST_DEPLOYMENT_TARGET\")\n\"${CMAKE_ENV[@]}\" \"$CMAKE\" -S \"$SRCROOT/Tools/HotfixPass\" -B \"$DERIVED_FILE_DIR/HotfixPass\" -DCMAKE_BUILD_TYPE=Release -DCMAKE_SYSTEM_NAME=Darwin -DCMAKE_OSX_SYSROOT=\"$HOST_SDK\" -DCMAKE_OSX_ARCHITECTURES=\"$HOST_ARCH\" -DCMAKE_OSX_DEPLOYMENT_TARGET=\"$HOST_DEPLOYMENT_TARGET\" -DCMAKE_C_COMPILER_TARGET=\"$HOST_TARGET\" -DCMAKE_CXX_COMPILER_TARGET=\"$HOST_TARGET\" -DHOTFIX_PASS_OUTPUT_DIRECTORY=\"$PRODUCT_DIR\"\n\"${CMAKE_ENV[@]}\" \"$CMAKE\" --build \"$DERIVED_FILE_DIR/HotfixPass\" --config Release\ntest -f \"$PRODUCT_DIR/libHotfixPass.dylib\"\ntest -x \"$PRODUCT_DIR/HotfixManifestTool\"\nFINGERPRINT=$(shasum -a 256 \"$SRCROOT/Tools/HotfixPass/CMakeLists.txt\" \"$SRCROOT/Tools/HotfixPass/Sources/HotfixPass.cpp\" \"$SRCROOT/Tools/HotfixPass/Sources/HotfixManifestTool.cpp\" \"$SRCROOT/Tools/HotfixPass/generate-class-receiver-manifest.sh\" \"$SRCROOT/Tools/HotfixPass/swiftc-hotfix\" \"$SRCROOT/SDK/IRHotfixSDK/ABI/\"*.h | shasum -a 256 | awk '{ print $1 }')\nTEMP_STAMP=\"$PRODUCT_DIR/.HotfixInstrumentationStamp.$$\"\nprintf '#define IR_HOTFIX_INSTRUMENTATION_FINGERPRINT \"%s\"\\n' \"$FINGERPRINT\" >\"$TEMP_STAMP\"\nif [[ ! -f \"$STAMP\" ]] || ! cmp -s \"$TEMP_STAMP\" \"$STAMP\"; then\n  mv -f \"$TEMP_STAMP\" \"$STAMP\"\nelse\n  find \"$TEMP_STAMP\" -delete\nfi\n";
		};
/* End PBXShellScriptBuildPhase section */

/* Begin PBXSourcesBuildPhase section */
		7C3D7DE82F6ADD6E00984DDC /* Sources */ = {
			isa = PBXSourcesBuildPhase;
			buildActionMask = 2147483647;
			files = (
			);
			runOnlyForDeploymentPostprocessing = 0;
		};
		7C3D7DFE2F6ADD7000984DDC /* Sources */ = {
			isa = PBXSourcesBuildPhase;
			buildActionMask = 2147483647;
			files = (
			);
			runOnlyForDeploymentPostprocessing = 0;
		};
		7C3D7E082F6ADD7000984DDC /* Sources */ = {
			isa = PBXSourcesBuildPhase;
			buildActionMask = 2147483647;
			files = (
			);
			runOnlyForDeploymentPostprocessing = 0;
		};
/* End PBXSourcesBuildPhase section */

/* Begin PBXTargetDependency section */
		7C3D7E042F6ADD7000984DDC /* PBXTargetDependency */ = {
			isa = PBXTargetDependency;
			target = 7C3D7DEB2F6ADD6E00984DDC /* IR */;
			targetProxy = 7C3D7E032F6ADD7000984DDC /* PBXContainerItemProxy */;
		};
		7C3D7E0E2F6ADD7000984DDC /* PBXTargetDependency */ = {
			isa = PBXTargetDependency;
			target = 7C3D7DEB2F6ADD6E00984DDC /* IR */;
			targetProxy = 7C3D7E0D2F6ADD7000984DDC /* PBXContainerItemProxy */;
		};
/* End PBXTargetDependency section */

/* Begin XCBuildConfiguration section */
		7C3D7E162F6ADD7000984DDC /* Debug */ = {
			isa = XCBuildConfiguration;
			buildSettings = {
				ASSETCATALOG_COMPILER_APPICON_NAME = AppIcon;
				ASSETCATALOG_COMPILER_GLOBAL_ACCENT_COLOR_NAME = AccentColor;
				CODE_SIGN_STYLE = Automatic;
				CURRENT_PROJECT_VERSION = 1;
				DEVELOPMENT_TEAM = 9R58G3D4PK;
				ENABLE_USER_SCRIPT_SANDBOXING = NO;
				GENERATE_INFOPLIST_FILE = YES;
				HEADER_SEARCH_PATHS = "$(DERIVED_FILE_DIR)/HotfixPassProduct";
				INFOPLIST_FILE = IR/Info.plist;
				INFOPLIST_KEY_UIApplicationSupportsIndirectInputEvents = YES;
				INFOPLIST_KEY_UILaunchStoryboardName = LaunchScreen;
				INFOPLIST_KEY_UIMainStoryboardFile = Main;
				INFOPLIST_KEY_UISupportedInterfaceOrientations_iPad = "UIInterfaceOrientationPortrait UIInterfaceOrientationPortraitUpsideDown UIInterfaceOrientationLandscapeLeft UIInterfaceOrientationLandscapeRight";
				INFOPLIST_KEY_UISupportedInterfaceOrientations_iPhone = "UIInterfaceOrientationPortrait UIInterfaceOrientationLandscapeLeft UIInterfaceOrientationLandscapeRight";
				LD_RUNPATH_SEARCH_PATHS = (
					"$(inherited)",
					"@executable_path/Frameworks",
				);
				MARKETING_VERSION = 1.0;
				PRODUCT_BUNDLE_IDENTIFIER = com.qian.app.IR;
				PRODUCT_NAME = "$(TARGET_NAME)";
				STRING_CATALOG_GENERATE_SYMBOLS = YES;
				SWIFT_APPROACHABLE_CONCURRENCY = YES;
				SWIFT_DEFAULT_ACTOR_ISOLATION = MainActor;
				SWIFT_EMIT_LOC_STRINGS = YES;
				SWIFT_ENABLE_BATCH_MODE = NO;
				SWIFT_EXEC = "$(SRCROOT)/Tools/HotfixPass/swiftc-hotfix";
				SWIFT_OBJC_BRIDGING_HEADER = "SDK/IRHotfixSDK/Support/IRHotfix-Bridging-Header.h";
				SWIFT_UPCOMING_FEATURE_MEMBER_IMPORT_VISIBILITY = YES;
				SWIFT_USE_INTEGRATED_DRIVER = NO;
				SWIFT_VERSION = 5.0;
				TARGETED_DEVICE_FAMILY = "1,2";
			};
			name = Debug;
		};
		7C3D7E172F6ADD7000984DDC /* Release */ = {
			isa = XCBuildConfiguration;
			buildSettings = {
				ASSETCATALOG_COMPILER_APPICON_NAME = AppIcon;
				ASSETCATALOG_COMPILER_GLOBAL_ACCENT_COLOR_NAME = AccentColor;
				CODE_SIGN_STYLE = Automatic;
				CURRENT_PROJECT_VERSION = 1;
				DEVELOPMENT_TEAM = 9R58G3D4PK;
				GENERATE_INFOPLIST_FILE = YES;
				INFOPLIST_FILE = IR/Info.plist;
				INFOPLIST_KEY_UIApplicationSupportsIndirectInputEvents = YES;
				INFOPLIST_KEY_UILaunchStoryboardName = LaunchScreen;
				INFOPLIST_KEY_UIMainStoryboardFile = Main;
				INFOPLIST_KEY_UISupportedInterfaceOrientations_iPad = "UIInterfaceOrientationPortrait UIInterfaceOrientationPortraitUpsideDown UIInterfaceOrientationLandscapeLeft UIInterfaceOrientationLandscapeRight";
				INFOPLIST_KEY_UISupportedInterfaceOrientations_iPhone = "UIInterfaceOrientationPortrait UIInterfaceOrientationLandscapeLeft UIInterfaceOrientationLandscapeRight";
				LD_RUNPATH_SEARCH_PATHS = (
					"$(inherited)",
					"@executable_path/Frameworks",
				);
				MARKETING_VERSION = 1.0;
				PRODUCT_BUNDLE_IDENTIFIER = com.qian.app.IR;
				PRODUCT_NAME = "$(TARGET_NAME)";
				STRING_CATALOG_GENERATE_SYMBOLS = YES;
				SWIFT_APPROACHABLE_CONCURRENCY = YES;
				SWIFT_DEFAULT_ACTOR_ISOLATION = MainActor;
				SWIFT_EMIT_LOC_STRINGS = YES;
				SWIFT_OBJC_BRIDGING_HEADER = "SDK/IRHotfixSDK/Support/IRHotfix-Bridging-Header.h";
				SWIFT_UPCOMING_FEATURE_MEMBER_IMPORT_VISIBILITY = YES;
				SWIFT_VERSION = 5.0;
				TARGETED_DEVICE_FAMILY = "1,2";
			};
			name = Release;
		};
		7C3D7E182F6ADD7000984DDC /* Debug */ = {
			isa = XCBuildConfiguration;
			buildSettings = {
				ALWAYS_SEARCH_USER_PATHS = NO;
				ASSETCATALOG_COMPILER_GENERATE_SWIFT_ASSET_SYMBOL_EXTENSIONS = YES;
				CLANG_ANALYZER_NONNULL = YES;
				CLANG_ANALYZER_NUMBER_OBJECT_CONVERSION = YES_AGGRESSIVE;
				CLANG_CXX_LANGUAGE_STANDARD = "gnu++20";
				CLANG_ENABLE_MODULES = YES;
				CLANG_ENABLE_OBJC_ARC = YES;
				CLANG_ENABLE_OBJC_WEAK = YES;
				CLANG_WARN_BLOCK_CAPTURE_AUTORELEASING = YES;
				CLANG_WARN_BOOL_CONVERSION = YES;
				CLANG_WARN_COMMA = YES;
				CLANG_WARN_CONSTANT_CONVERSION = YES;
				CLANG_WARN_DEPRECATED_OBJC_IMPLEMENTATIONS = YES;
				CLANG_WARN_DIRECT_OBJC_ISA_USAGE = YES_ERROR;
				CLANG_WARN_DOCUMENTATION_COMMENTS = YES;
				CLANG_WARN_EMPTY_BODY = YES;
				CLANG_WARN_ENUM_CONVERSION = YES;
				CLANG_WARN_INFINITE_RECURSION = YES;
				CLANG_WARN_INT_CONVERSION = YES;
				CLANG_WARN_NON_LITERAL_NULL_CONVERSION = YES;
				CLANG_WARN_OBJC_IMPLICIT_RETAIN_SELF = YES;
				CLANG_WARN_OBJC_LITERAL_CONVERSION = YES;
				CLANG_WARN_OBJC_ROOT_CLASS = YES_ERROR;
				CLANG_WARN_QUOTED_INCLUDE_IN_FRAMEWORK_HEADER = YES;
				CLANG_WARN_RANGE_LOOP_ANALYSIS = YES;
				CLANG_WARN_STRICT_PROTOTYPES = YES;
				CLANG_WARN_SUSPICIOUS_MOVE = YES;
				CLANG_WARN_UNGUARDED_AVAILABILITY = YES_AGGRESSIVE;
				CLANG_WARN_UNREACHABLE_CODE = YES;
				CLANG_WARN__DUPLICATE_METHOD_MATCH = YES;
				COPY_PHASE_STRIP = NO;
				DEBUG_INFORMATION_FORMAT = dwarf;
				DEVELOPMENT_TEAM = 9R58G3D4PK;
				ENABLE_STRICT_OBJC_MSGSEND = YES;
				ENABLE_TESTABILITY = YES;
				ENABLE_USER_SCRIPT_SANDBOXING = YES;
				GCC_C_LANGUAGE_STANDARD = gnu17;
				GCC_DYNAMIC_NO_PIC = NO;
				GCC_NO_COMMON_BLOCKS = YES;
				GCC_OPTIMIZATION_LEVEL = 0;
				GCC_PREPROCESSOR_DEFINITIONS = (
					"DEBUG=1",
					"$(inherited)",
				);
				GCC_WARN_64_TO_32_BIT_CONVERSION = YES;
				GCC_WARN_ABOUT_RETURN_TYPE = YES_ERROR;
				GCC_WARN_UNDECLARED_SELECTOR = YES;
				GCC_WARN_UNINITIALIZED_AUTOS = YES_AGGRESSIVE;
				GCC_WARN_UNUSED_FUNCTION = YES;
				GCC_WARN_UNUSED_VARIABLE = YES;
				IPHONEOS_DEPLOYMENT_TARGET = 26.2;
				LOCALIZATION_PREFERS_STRING_CATALOGS = YES;
				MTL_ENABLE_DEBUG_INFO = INCLUDE_SOURCE;
				MTL_FAST_MATH = YES;
				ONLY_ACTIVE_ARCH = YES;
				SDKROOT = iphoneos;
				SWIFT_ACTIVE_COMPILATION_CONDITIONS = "DEBUG $(inherited)";
				SWIFT_OPTIMIZATION_LEVEL = "-Onone";
			};
			name = Debug;
		};
		7C3D7E192F6ADD7000984DDC /* Release */ = {
			isa = XCBuildConfiguration;
			buildSettings = {
				ALWAYS_SEARCH_USER_PATHS = NO;
				ASSETCATALOG_COMPILER_GENERATE_SWIFT_ASSET_SYMBOL_EXTENSIONS = YES;
				CLANG_ANALYZER_NONNULL = YES;
				CLANG_ANALYZER_NUMBER_OBJECT_CONVERSION = YES_AGGRESSIVE;
				CLANG_CXX_LANGUAGE_STANDARD = "gnu++20";
				CLANG_ENABLE_MODULES = YES;
				CLANG_ENABLE_OBJC_ARC = YES;
				CLANG_ENABLE_OBJC_WEAK = YES;
				CLANG_WARN_BLOCK_CAPTURE_AUTORELEASING = YES;
				CLANG_WARN_BOOL_CONVERSION = YES;
				CLANG_WARN_COMMA = YES;
				CLANG_WARN_CONSTANT_CONVERSION = YES;
				CLANG_WARN_DEPRECATED_OBJC_IMPLEMENTATIONS = YES;
				CLANG_WARN_DIRECT_OBJC_ISA_USAGE = YES_ERROR;
				CLANG_WARN_DOCUMENTATION_COMMENTS = YES;
				CLANG_WARN_EMPTY_BODY = YES;
				CLANG_WARN_ENUM_CONVERSION = YES;
				CLANG_WARN_INFINITE_RECURSION = YES;
				CLANG_WARN_INT_CONVERSION = YES;
				CLANG_WARN_NON_LITERAL_NULL_CONVERSION = YES;
				CLANG_WARN_OBJC_IMPLICIT_RETAIN_SELF = YES;
				CLANG_WARN_OBJC_LITERAL_CONVERSION = YES;
				CLANG_WARN_OBJC_ROOT_CLASS = YES_ERROR;
				CLANG_WARN_QUOTED_INCLUDE_IN_FRAMEWORK_HEADER = YES;
				CLANG_WARN_RANGE_LOOP_ANALYSIS = YES;
				CLANG_WARN_STRICT_PROTOTYPES = YES;
				CLANG_WARN_SUSPICIOUS_MOVE = YES;
				CLANG_WARN_UNGUARDED_AVAILABILITY = YES_AGGRESSIVE;
				CLANG_WARN_UNREACHABLE_CODE = YES;
				CLANG_WARN__DUPLICATE_METHOD_MATCH = YES;
				COPY_PHASE_STRIP = NO;
				DEBUG_INFORMATION_FORMAT = "dwarf-with-dsym";
				DEVELOPMENT_TEAM = 9R58G3D4PK;
				ENABLE_NS_ASSERTIONS = NO;
				ENABLE_STRICT_OBJC_MSGSEND = YES;
				ENABLE_USER_SCRIPT_SANDBOXING = YES;
				GCC_C_LANGUAGE_STANDARD = gnu17;
				GCC_NO_COMMON_BLOCKS = YES;
				GCC_WARN_64_TO_32_BIT_CONVERSION = YES;
				GCC_WARN_ABOUT_RETURN_TYPE = YES_ERROR;
				GCC_WARN_UNDECLARED_SELECTOR = YES;
				GCC_WARN_UNINITIALIZED_AUTOS = YES_AGGRESSIVE;
				GCC_WARN_UNUSED_FUNCTION = YES;
				GCC_WARN_UNUSED_VARIABLE = YES;
				IPHONEOS_DEPLOYMENT_TARGET = 26.2;
				LOCALIZATION_PREFERS_STRING_CATALOGS = YES;
				MTL_ENABLE_DEBUG_INFO = NO;
				MTL_FAST_MATH = YES;
				SDKROOT = iphoneos;
				SWIFT_COMPILATION_MODE = wholemodule;
				VALIDATE_PRODUCT = YES;
			};
			name = Release;
		};
		7C3D7E1B2F6ADD7000984DDC /* Debug */ = {
			isa = XCBuildConfiguration;
			buildSettings = {
				BUNDLE_LOADER = "$(TEST_HOST)";
				CODE_SIGN_STYLE = Automatic;
				CURRENT_PROJECT_VERSION = 1;
				DEVELOPMENT_TEAM = 9R58G3D4PK;
				GENERATE_INFOPLIST_FILE = YES;
				IPHONEOS_DEPLOYMENT_TARGET = 26.2;
				MARKETING_VERSION = 1.0;
				PRODUCT_BUNDLE_IDENTIFIER = com.qian.app.IRTests;
				PRODUCT_NAME = "$(TARGET_NAME)";
				STRING_CATALOG_GENERATE_SYMBOLS = NO;
				SWIFT_APPROACHABLE_CONCURRENCY = YES;
				SWIFT_EMIT_LOC_STRINGS = NO;
				SWIFT_UPCOMING_FEATURE_MEMBER_IMPORT_VISIBILITY = YES;
				SWIFT_VERSION = 5.0;
				TARGETED_DEVICE_FAMILY = "1,2";
				TEST_HOST = "$(BUILT_PRODUCTS_DIR)/IR.app/$(BUNDLE_EXECUTABLE_FOLDER_PATH)/IR";
			};
			name = Debug;
		};
		7C3D7E1C2F6ADD7000984DDC /* Release */ = {
			isa = XCBuildConfiguration;
			buildSettings = {
				BUNDLE_LOADER = "$(TEST_HOST)";
				CODE_SIGN_STYLE = Automatic;
				CURRENT_PROJECT_VERSION = 1;
				DEVELOPMENT_TEAM = 9R58G3D4PK;
				GENERATE_INFOPLIST_FILE = YES;
				IPHONEOS_DEPLOYMENT_TARGET = 26.2;
				MARKETING_VERSION = 1.0;
				PRODUCT_BUNDLE_IDENTIFIER = com.qian.app.IRTests;
				PRODUCT_NAME = "$(TARGET_NAME)";
				STRING_CATALOG_GENERATE_SYMBOLS = NO;
				SWIFT_APPROACHABLE_CONCURRENCY = YES;
				SWIFT_EMIT_LOC_STRINGS = NO;
				SWIFT_UPCOMING_FEATURE_MEMBER_IMPORT_VISIBILITY = YES;
				SWIFT_VERSION = 5.0;
				TARGETED_DEVICE_FAMILY = "1,2";
				TEST_HOST = "$(BUILT_PRODUCTS_DIR)/IR.app/$(BUNDLE_EXECUTABLE_FOLDER_PATH)/IR";
			};
			name = Release;
		};
		7C3D7E1E2F6ADD7000984DDC /* Debug */ = {
			isa = XCBuildConfiguration;
			buildSettings = {
				CODE_SIGN_STYLE = Automatic;
				CURRENT_PROJECT_VERSION = 1;
				DEVELOPMENT_TEAM = 9R58G3D4PK;
				GENERATE_INFOPLIST_FILE = YES;
				MARKETING_VERSION = 1.0;
				PRODUCT_BUNDLE_IDENTIFIER = com.qian.app.IRUITests;
				PRODUCT_NAME = "$(TARGET_NAME)";
				STRING_CATALOG_GENERATE_SYMBOLS = NO;
				SWIFT_APPROACHABLE_CONCURRENCY = YES;
				SWIFT_EMIT_LOC_STRINGS = NO;
				SWIFT_UPCOMING_FEATURE_MEMBER_IMPORT_VISIBILITY = YES;
				SWIFT_VERSION = 5.0;
				TARGETED_DEVICE_FAMILY = "1,2";
				TEST_TARGET_NAME = IR;
			};
			name = Debug;
		};
		7C3D7E1F2F6ADD7000984DDC /* Release */ = {
			isa = XCBuildConfiguration;
			buildSettings = {
				CODE_SIGN_STYLE = Automatic;
				CURRENT_PROJECT_VERSION = 1;
				DEVELOPMENT_TEAM = 9R58G3D4PK;
				GENERATE_INFOPLIST_FILE = YES;
				MARKETING_VERSION = 1.0;
				PRODUCT_BUNDLE_IDENTIFIER = com.qian.app.IRUITests;
				PRODUCT_NAME = "$(TARGET_NAME)";
				STRING_CATALOG_GENERATE_SYMBOLS = NO;
				SWIFT_APPROACHABLE_CONCURRENCY = YES;
				SWIFT_EMIT_LOC_STRINGS = NO;
				SWIFT_UPCOMING_FEATURE_MEMBER_IMPORT_VISIBILITY = YES;
				SWIFT_VERSION = 5.0;
				TARGETED_DEVICE_FAMILY = "1,2";
				TEST_TARGET_NAME = IR;
			};
			name = Release;
		};
/* End XCBuildConfiguration section */

/* Begin XCConfigurationList section */
		7C3D7DE72F6ADD6E00984DDC /* Build configuration list for PBXProject "IR" */ = {
			isa = XCConfigurationList;
			buildConfigurations = (
				7C3D7E182F6ADD7000984DDC /* Debug */,
				7C3D7E192F6ADD7000984DDC /* Release */,
			);
			defaultConfigurationIsVisible = 0;
			defaultConfigurationName = Release;
		};
		7C3D7E152F6ADD7000984DDC /* Build configuration list for PBXNativeTarget "IR" */ = {
			isa = XCConfigurationList;
			buildConfigurations = (
				7C3D7E162F6ADD7000984DDC /* Debug */,
				7C3D7E172F6ADD7000984DDC /* Release */,
			);
			defaultConfigurationIsVisible = 0;
			defaultConfigurationName = Release;
		};
		7C3D7E1A2F6ADD7000984DDC /* Build configuration list for PBXNativeTarget "IRTests" */ = {
			isa = XCConfigurationList;
			buildConfigurations = (
				7C3D7E1B2F6ADD7000984DDC /* Debug */,
				7C3D7E1C2F6ADD7000984DDC /* Release */,
			);
			defaultConfigurationIsVisible = 0;
			defaultConfigurationName = Release;
		};
		7C3D7E1D2F6ADD7000984DDC /* Build configuration list for PBXNativeTarget "IRUITests" */ = {
			isa = XCConfigurationList;
			buildConfigurations = (
				7C3D7E1E2F6ADD7000984DDC /* Debug */,
				7C3D7E1F2F6ADD7000984DDC /* Release */,
			);
			defaultConfigurationIsVisible = 0;
			defaultConfigurationName = Release;
		};
/* End XCConfigurationList section */
	};
	rootObject = 7C3D7DE42F6ADD6E00984DDC /* Project object */;
}
